
Microsoft Visual Studio Solution File, Format Version 12.00
# Visual Studio 15
VisualStudioVersion = 15.0.27703.2047
MinimumVisualStudioVersion = 10.0.40219.1
Project("{8BC9CEB8-8B4A-11D0-8D11-00A0C91BC942}") = "5", "5\5.vcxproj", "{91D6B5EC-EC21-4735-BBD1-FF37FB295144}"
EndProject
Global
	GlobalSection(SolutionConfigurationPlatforms) = preSolution
		Debug|x64 = Debug|x64
		Debug|x86 = Debug|x86
		Release|x64 = Release|x64
		Release|x86 = Release|x86
	EndGlobalSection
	GlobalSection(ProjectConfigurationPlatforms) = postSolution
		{91D6B5EC-EC21-4735-BBD1-FF37FB295144}.Debug|x64.ActiveCfg = Debug|x64
		{91D6B5EC-EC21-4735-BBD1-FF37FB295144}.Debug|x64.Build.0 = Debug|x64
		{91D6B5EC-EC21-4735-BBD1-FF37FB295144}.Debug|x86.ActiveCfg = Debug|Win32
		{91D6B5EC-EC21-4735-BBD1-FF37FB295144}.Debug|x86.Build.0 = Debug|Win32
		{91D6B5EC-EC21-4735-BBD1-FF37FB295144}.Release|x64.ActiveCfg = Release|x64
		{91D6B5EC-EC21-4735-BBD1-FF37FB295144}.Release|x64.Build.0 = Release|x64
		{91D6B5EC-EC21-4735-BBD1-FF37FB295144}.Release|x86.ActiveCfg = Release|Win32
		{91D6B5EC-EC21-4735-BBD1-FF37FB295144}.Release|x86.Build.0 = Release|Win32
	EndGlobalSection
	GlobalSection(SolutionProperties) = preSolution
		HideSolutionNode = FALSE
	EndGlobalSection
	GlobalSection(ExtensibilityGlobals) = postSolution
		SolutionGuid = {2F1181CC-B039-4188-9EC4-4506F62038EB}
	EndGlobalSection
EndGlobal
