
Microsoft Visual Studio Solution File, Format Version 12.00
# Visual Studio Version 17
VisualStudioVersion = 17.3.32819.101
MinimumVisualStudioVersion = 10.0.40219.1
Project("{8BC9CEB8-8B4A-11D0-8D11-00A0C91BC942}") = "Ch 7 String In-Class Lab", "Ch 7 String In-Class Lab\Ch 7 String In-Class Lab.vcxproj", "{FFAD29FB-B938-4FCB-8DB5-5F5C538E3CAD}"
EndProject
Global
	GlobalSection(SolutionConfigurationPlatforms) = preSolution
		Debug|x64 = Debug|x64
		Debug|x86 = Debug|x86
		Release|x64 = Release|x64
		Release|x86 = Release|x86
	EndGlobalSection
	GlobalSection(ProjectConfigurationPlatforms) = postSolution
		{FFAD29FB-B938-4FCB-8DB5-5F5C538E3CAD}.Debug|x64.ActiveCfg = Debug|x64
		{FFAD29FB-B938-4FCB-8DB5-5F5C538E3CAD}.Debug|x64.Build.0 = Debug|x64
		{FFAD29FB-B938-4FCB-8DB5-5F5C538E3CAD}.Debug|x86.ActiveCfg = Debug|Win32
		{FFAD29FB-B938-4FCB-8DB5-5F5C538E3CAD}.Debug|x86.Build.0 = Debug|Win32
		{FFAD29FB-B938-4FCB-8DB5-5F5C538E3CAD}.Release|x64.ActiveCfg = Release|x64
		{FFAD29FB-B938-4FCB-8DB5-5F5C538E3CAD}.Release|x64.Build.0 = Release|x64
		{FFAD29FB-B938-4FCB-8DB5-5F5C538E3CAD}.Release|x86.ActiveCfg = Release|Win32
		{FFAD29FB-B938-4FCB-8DB5-5F5C538E3CAD}.Release|x86.Build.0 = Release|Win32
	EndGlobalSection
	GlobalSection(SolutionProperties) = preSolution
		HideSolutionNode = FALSE
	EndGlobalSection
	GlobalSection(ExtensibilityGlobals) = postSolution
		SolutionGuid = {CAFEEE94-58C7-4AB2-8D9B-50AE42E3BAB0}
	EndGlobalSection
EndGlobal
