
Microsoft Visual Studio Solution File, Format Version 12.00
# Visual Studio Version 17
VisualStudioVersion = 17.3.32819.101
MinimumVisualStudioVersion = 10.0.40219.1
Project("{8BC9CEB8-8B4A-11D0-8D11-00A0C91BC942}") = "Enum Class Notes", "Enum Class Notes\Enum Class Notes.vcxproj", "{906AA8BB-381D-4C18-B23D-91EC3E7B75B8}"
EndProject
Global
	GlobalSection(SolutionConfigurationPlatforms) = preSolution
		Debug|x64 = Debug|x64
		Debug|x86 = Debug|x86
		Release|x64 = Release|x64
		Release|x86 = Release|x86
	EndGlobalSection
	GlobalSection(ProjectConfigurationPlatforms) = postSolution
		{906AA8BB-381D-4C18-B23D-91EC3E7B75B8}.Debug|x64.ActiveCfg = Debug|x64
		{906AA8BB-381D-4C18-B23D-91EC3E7B75B8}.Debug|x64.Build.0 = Debug|x64
		{906AA8BB-381D-4C18-B23D-91EC3E7B75B8}.Debug|x86.ActiveCfg = Debug|Win32
		{906AA8BB-381D-4C18-B23D-91EC3E7B75B8}.Debug|x86.Build.0 = Debug|Win32
		{906AA8BB-381D-4C18-B23D-91EC3E7B75B8}.Release|x64.ActiveCfg = Release|x64
		{906AA8BB-381D-4C18-B23D-91EC3E7B75B8}.Release|x64.Build.0 = Release|x64
		{906AA8BB-381D-4C18-B23D-91EC3E7B75B8}.Release|x86.ActiveCfg = Release|Win32
		{906AA8BB-381D-4C18-B23D-91EC3E7B75B8}.Release|x86.Build.0 = Release|Win32
	EndGlobalSection
	GlobalSection(SolutionProperties) = preSolution
		HideSolutionNode = FALSE
	EndGlobalSection
	GlobalSection(ExtensibilityGlobals) = postSolution
		SolutionGuid = {9DAED5B5-BF99-4434-B23F-7443E4E1C367}
	EndGlobalSection
EndGlobal
