
Microsoft Visual Studio Solution File, Format Version 12.00
# Visual Studio 15
VisualStudioVersion = 15.0.27703.2047
MinimumVisualStudioVersion = 10.0.40219.1
Project("{8BC9CEB8-8B4A-11D0-8D11-00A0C91BC942}") = "5.8", "5.8\5.8.vcxproj", "{6D9B30CF-8E8B-41E8-BD8B-2C9D36C0F0B5}"
EndProject
Global
	GlobalSection(SolutionConfigurationPlatforms) = preSolution
		Debug|x64 = Debug|x64
		Debug|x86 = Debug|x86
		Release|x64 = Release|x64
		Release|x86 = Release|x86
	EndGlobalSection
	GlobalSection(ProjectConfigurationPlatforms) = postSolution
		{6D9B30CF-8E8B-41E8-BD8B-2C9D36C0F0B5}.Debug|x64.ActiveCfg = Debug|x64
		{6D9B30CF-8E8B-41E8-BD8B-2C9D36C0F0B5}.Debug|x64.Build.0 = Debug|x64
		{6D9B30CF-8E8B-41E8-BD8B-2C9D36C0F0B5}.Debug|x86.ActiveCfg = Debug|Win32
		{6D9B30CF-8E8B-41E8-BD8B-2C9D36C0F0B5}.Debug|x86.Build.0 = Debug|Win32
		{6D9B30CF-8E8B-41E8-BD8B-2C9D36C0F0B5}.Release|x64.ActiveCfg = Release|x64
		{6D9B30CF-8E8B-41E8-BD8B-2C9D36C0F0B5}.Release|x64.Build.0 = Release|x64
		{6D9B30CF-8E8B-41E8-BD8B-2C9D36C0F0B5}.Release|x86.ActiveCfg = Release|Win32
		{6D9B30CF-8E8B-41E8-BD8B-2C9D36C0F0B5}.Release|x86.Build.0 = Release|Win32
	EndGlobalSection
	GlobalSection(SolutionProperties) = preSolution
		HideSolutionNode = FALSE
	EndGlobalSection
	GlobalSection(ExtensibilityGlobals) = postSolution
		SolutionGuid = {B28AB95D-06B0-4FC9-B2C4-F5406941A8EA}
	EndGlobalSection
EndGlobal
