
Microsoft Visual Studio Solution File, Format Version 12.00
# Visual Studio 15
VisualStudioVersion = 15.0.27703.2047
MinimumVisualStudioVersion = 10.0.40219.1
Project("{8BC9CEB8-8B4A-11D0-8D11-00A0C91BC942}") = "2D Array Exercises", "2D Array Exercises\2D Array Exercises.vcxproj", "{B6ED60B8-7B5A-43A8-9300-6194A1C59B40}"
EndProject
Global
	GlobalSection(SolutionConfigurationPlatforms) = preSolution
		Debug|x64 = Debug|x64
		Debug|x86 = Debug|x86
		Release|x64 = Release|x64
		Release|x86 = Release|x86
	EndGlobalSection
	GlobalSection(ProjectConfigurationPlatforms) = postSolution
		{B6ED60B8-7B5A-43A8-9300-6194A1C59B40}.Debug|x64.ActiveCfg = Debug|x64
		{B6ED60B8-7B5A-43A8-9300-6194A1C59B40}.Debug|x64.Build.0 = Debug|x64
		{B6ED60B8-7B5A-43A8-9300-6194A1C59B40}.Debug|x86.ActiveCfg = Debug|Win32
		{B6ED60B8-7B5A-43A8-9300-6194A1C59B40}.Debug|x86.Build.0 = Debug|Win32
		{B6ED60B8-7B5A-43A8-9300-6194A1C59B40}.Release|x64.ActiveCfg = Release|x64
		{B6ED60B8-7B5A-43A8-9300-6194A1C59B40}.Release|x64.Build.0 = Release|x64
		{B6ED60B8-7B5A-43A8-9300-6194A1C59B40}.Release|x86.ActiveCfg = Release|Win32
		{B6ED60B8-7B5A-43A8-9300-6194A1C59B40}.Release|x86.Build.0 = Release|Win32
	EndGlobalSection
	GlobalSection(SolutionProperties) = preSolution
		HideSolutionNode = FALSE
	EndGlobalSection
	GlobalSection(ExtensibilityGlobals) = postSolution
		SolutionGuid = {4924EE68-EB2B-4D3F-A4E1-7A7D7EB6467C}
	EndGlobalSection
EndGlobal
