
Microsoft Visual Studio Solution File, Format Version 12.00
# Visual Studio 15
VisualStudioVersion = 15.0.27703.2047
MinimumVisualStudioVersion = 10.0.40219.1
Project("{8BC9CEB8-8B4A-11D0-8D11-00A0C91BC942}") = "3", "3\3.vcxproj", "{4F6C2FBD-A213-4AD6-8D49-2F78618D9226}"
EndProject
Global
	GlobalSection(SolutionConfigurationPlatforms) = preSolution
		Debug|x64 = Debug|x64
		Debug|x86 = Debug|x86
		Release|x64 = Release|x64
		Release|x86 = Release|x86
	EndGlobalSection
	GlobalSection(ProjectConfigurationPlatforms) = postSolution
		{4F6C2FBD-A213-4AD6-8D49-2F78618D9226}.Debug|x64.ActiveCfg = Debug|x64
		{4F6C2FBD-A213-4AD6-8D49-2F78618D9226}.Debug|x64.Build.0 = Debug|x64
		{4F6C2FBD-A213-4AD6-8D49-2F78618D9226}.Debug|x86.ActiveCfg = Debug|Win32
		{4F6C2FBD-A213-4AD6-8D49-2F78618D9226}.Debug|x86.Build.0 = Debug|Win32
		{4F6C2FBD-A213-4AD6-8D49-2F78618D9226}.Release|x64.ActiveCfg = Release|x64
		{4F6C2FBD-A213-4AD6-8D49-2F78618D9226}.Release|x64.Build.0 = Release|x64
		{4F6C2FBD-A213-4AD6-8D49-2F78618D9226}.Release|x86.ActiveCfg = Release|Win32
		{4F6C2FBD-A213-4AD6-8D49-2F78618D9226}.Release|x86.Build.0 = Release|Win32
	EndGlobalSection
	GlobalSection(SolutionProperties) = preSolution
		HideSolutionNode = FALSE
	EndGlobalSection
	GlobalSection(ExtensibilityGlobals) = postSolution
		SolutionGuid = {92297FCA-55A4-4AA9-844A-8319EE2B13AD}
	EndGlobalSection
EndGlobal
